
Microsoft Visual Studio Solution File, Format Version 12.00
# Visual Studio Version 17
VisualStudioVersion = 17.8.34212.112
MinimumVisualStudioVersion = 10.0.40219.1
Project("{FAE04EC0-301F-11D3-BF4B-00C04F79EFBC}") = "Tetris", "Tetris.csproj", "{66D90659-DAD1-419F-9196-94F1A4E01CB4}"
EndProject
Global
	GlobalSection(SolutionConfigurationPlatforms) = preSolution
		Debug|Any CPU = Debug|Any CPU
		Release|Any CPU = Release|Any CPU
	EndGlobalSection
	GlobalSection(ProjectConfigurationPlatforms) = postSolution
		{66D90659-DAD1-419F-9196-94F1A4E01CB4}.Debug|Any CPU.ActiveCfg = Debug|Any CPU
		{66D90659-DAD1-419F-9196-94F1A4E01CB4}.Debug|Any CPU.Build.0 = Debug|Any CPU
		{66D90659-DAD1-419F-9196-94F1A4E01CB4}.Release|Any CPU.ActiveCfg = Release|Any CPU
		{66D90659-DAD1-419F-9196-94F1A4E01CB4}.Release|Any CPU.Build.0 = Release|Any CPU
	EndGlobalSection
	GlobalSection(SolutionProperties) = preSolution
		HideSolutionNode = FALSE
	EndGlobalSection
	GlobalSection(ExtensibilityGlobals) = postSolution
		SolutionGuid = {21819207-9D83-4406-B139-09DA5C9E82F7}
	EndGlobalSection
EndGlobal
